
Microsoft Visual Studio Solution File, Format Version 12.00
# Visual Studio Version 16
VisualStudioVersion = 16.0.31112.23
MinimumVisualStudioVersion = 10.0.40219.1
Project("{8BC9CEB8-8B4A-11D0-8D11-00A0C91BC942}") = "ProjectParking", "ProjectParking\ProjectParking.vcxproj", "{9102FE2D-0C4D-4250-94FF-256FCFB40600}"
EndProject
Global
	GlobalSection(SolutionConfigurationPlatforms) = preSolution
		Debug|x64 = Debug|x64
		Debug|x86 = Debug|x86
		Release|x64 = Release|x64
		Release|x86 = Release|x86
	EndGlobalSection
	GlobalSection(ProjectConfigurationPlatforms) = postSolution
		{9102FE2D-0C4D-4250-94FF-256FCFB40600}.Debug|x64.ActiveCfg = Debug|x64
		{9102FE2D-0C4D-4250-94FF-256FCFB40600}.Debug|x64.Build.0 = Debug|x64
		{9102FE2D-0C4D-4250-94FF-256FCFB40600}.Debug|x86.ActiveCfg = Debug|Win32
		{9102FE2D-0C4D-4250-94FF-256FCFB40600}.Debug|x86.Build.0 = Debug|Win32
		{9102FE2D-0C4D-4250-94FF-256FCFB40600}.Release|x64.ActiveCfg = Release|x64
		{9102FE2D-0C4D-4250-94FF-256FCFB40600}.Release|x64.Build.0 = Release|x64
		{9102FE2D-0C4D-4250-94FF-256FCFB40600}.Release|x86.ActiveCfg = Release|Win32
		{9102FE2D-0C4D-4250-94FF-256FCFB40600}.Release|x86.Build.0 = Release|Win32
	EndGlobalSection
	GlobalSection(SolutionProperties) = preSolution
		HideSolutionNode = FALSE
	EndGlobalSection
	GlobalSection(ExtensibilityGlobals) = postSolution
		SolutionGuid = {978C251B-8869-4E81-9FC6-CF45B56278A8}
	EndGlobalSection
EndGlobal
